Microsoft Visual Studio Solution File, Format Version 12.00
# Visual Studio Version 17
VisualStudioVersion = 17.5.2.0
MinimumVisualStudioVersion = 10.0.40219.1
Project("{FAE04EC0-301F-11D3-BF4B-00C04F79EFBC}") = "Ofertomator", "Ofertomator.csproj", "{3D720261-8C12-84CA-E149-0FA48105D6D5}"
EndProject
Global
	GlobalSection(SolutionConfigurationPlatforms) = preSolution
		Debug|Any CPU = Debug|Any CPU
		Release|Any CPU = Release|Any CPU
	EndGlobalSection
	GlobalSection(ProjectConfigurationPlatforms) = postSolution
		{3D720261-8C12-84CA-E149-0FA48105D6D5}.Debug|Any CPU.ActiveCfg = Debug|Any CPU
		{3D720261-8C12-84CA-E149-0FA48105D6D5}.Debug|Any CPU.Build.0 = Debug|Any CPU
		{3D720261-8C12-84CA-E149-0FA48105D6D5}.Release|Any CPU.ActiveCfg = Release|Any CPU
		{3D720261-8C12-84CA-E149-0FA48105D6D5}.Release|Any CPU.Build.0 = Release|Any CPU
	EndGlobalSection
	GlobalSection(SolutionProperties) = preSolution
		HideSolutionNode = FALSE
	EndGlobalSection
	GlobalSection(ExtensibilityGlobals) = postSolution
		SolutionGuid = {51760FE9-3A69-43CB-9906-3C252FCACBED}
	EndGlobalSection
EndGlobal
